dependencies:
- name: op-scim-bridge
  repository: https://1password.github.io/op-scim-helm/
  version: 2.11.0
- name: common
  repository: https://charts.bitnami.com/bitnami
  version: 1.17.1
digest: sha256:c3f1fa29838ae88831d5d7f6234d7addf97f6703040dbfdd126d19f7954bb882
generated: "2024-01-15T14:59:40.243128-05:00"
